
Microsoft Visual Studio Solution File, Format Version 12.00
# Visual Studio 15
VisualStudioVersion = 15.0.28307.852
MinimumVisualStudioVersion = 10.0.40219.1
Project("{FAE04EC0-301F-11D3-BF4B-00C04F79EFBC}") = "WpfApp1", "WpfApp1\WpfApp1.csproj", "{D2A63639-B28E-4D7F-959F-8C4B4BF03D72}"
EndProject
Global
	GlobalSection(SolutionConfigurationPlatforms) = preSolution
		Debug|Any CPU = Debug|Any CPU
		Release|Any CPU = Release|Any CPU
	EndGlobalSection
	GlobalSection(ProjectConfigurationPlatforms) = postSolution
		{D2A63639-B28E-4D7F-959F-8C4B4BF03D72}.Debug|Any CPU.ActiveCfg = Debug|Any CPU
		{D2A63639-B28E-4D7F-959F-8C4B4BF03D72}.Debug|Any CPU.Build.0 = Debug|Any CPU
		{D2A63639-B28E-4D7F-959F-8C4B4BF03D72}.Release|Any CPU.ActiveCfg = Release|Any CPU
		{D2A63639-B28E-4D7F-959F-8C4B4BF03D72}.Release|Any CPU.Build.0 = Release|Any CPU
	EndGlobalSection
	GlobalSection(SolutionProperties) = preSolution
		HideSolutionNode = FALSE
	EndGlobalSection
	GlobalSection(ExtensibilityGlobals) = postSolution
		SolutionGuid = {A2E13E11-A1DF-41D2-A72C-19526EB49999}
	EndGlobalSection
EndGlobal
